
Microsoft Visual Studio Solution File, Format Version 12.00
# Visual Studio Version 17
VisualStudioVersion = 17.11.35222.181
MinimumVisualStudioVersion = 10.0.40219.1
Project("{FAE04EC0-301F-11D3-BF4B-00C04F79EFBC}") = "ex", "ex\ex.csproj", "{C9B346D7-4F94-4D7B-828E-12096342BE7F}"
EndProject
Global
	GlobalSection(SolutionConfigurationPlatforms) = preSolution
		Debug|Any CPU = Debug|Any CPU
		Release|Any CPU = Release|Any CPU
	EndGlobalSection
	GlobalSection(ProjectConfigurationPlatforms) = postSolution
		{C9B346D7-4F94-4D7B-828E-12096342BE7F}.Debug|Any CPU.ActiveCfg = Debug|Any CPU
		{C9B346D7-4F94-4D7B-828E-12096342BE7F}.Debug|Any CPU.Build.0 = Debug|Any CPU
		{C9B346D7-4F94-4D7B-828E-12096342BE7F}.Release|Any CPU.ActiveCfg = Release|Any CPU
		{C9B346D7-4F94-4D7B-828E-12096342BE7F}.Release|Any CPU.Build.0 = Release|Any CPU
	EndGlobalSection
	GlobalSection(SolutionProperties) = preSolution
		HideSolutionNode = FALSE
	EndGlobalSection
	GlobalSection(ExtensibilityGlobals) = postSolution
		SolutionGuid = {6D2122DE-9508-4191-8E83-ADBE00209D19}
	EndGlobalSection
EndGlobal
