
Microsoft Visual Studio Solution File, Format Version 12.00
# Visual Studio Version 17
VisualStudioVersion = 17.11.35222.181
MinimumVisualStudioVersion = 10.0.40219.1
Project("{FAE04EC0-301F-11D3-BF4B-00C04F79EFBC}") = "task03(07.10)", "task03(07.10)\task03(07.10).csproj", "{CC2B046D-C970-4DEB-869A-8341923F5DE4}"
EndProject
Global
	GlobalSection(SolutionConfigurationPlatforms) = preSolution
		Debug|Any CPU = Debug|Any CPU
		Release|Any CPU = Release|Any CPU
	EndGlobalSection
	GlobalSection(ProjectConfigurationPlatforms) = postSolution
		{CC2B046D-C970-4DEB-869A-8341923F5DE4}.Debug|Any CPU.ActiveCfg = Debug|Any CPU
		{CC2B046D-C970-4DEB-869A-8341923F5DE4}.Debug|Any CPU.Build.0 = Debug|Any CPU
		{CC2B046D-C970-4DEB-869A-8341923F5DE4}.Release|Any CPU.ActiveCfg = Release|Any CPU
		{CC2B046D-C970-4DEB-869A-8341923F5DE4}.Release|Any CPU.Build.0 = Release|Any CPU
	EndGlobalSection
	GlobalSection(SolutionProperties) = preSolution
		HideSolutionNode = FALSE
	EndGlobalSection
	GlobalSection(ExtensibilityGlobals) = postSolution
		SolutionGuid = {AA82C276-D480-4E1F-9D1E-C320DE1A7B33}
	EndGlobalSection
EndGlobal
