
Microsoft Visual Studio Solution File, Format Version 12.00
# Visual Studio Version 17
VisualStudioVersion = 17.11.35222.181
MinimumVisualStudioVersion = 10.0.40219.1
Project("{FAE04EC0-301F-11D3-BF4B-00C04F79EFBC}") = "task02", "task02\task02.csproj", "{F02CF4F3-7C7B-436B-BD5D-DFE45A67055D}"
EndProject
Global
	GlobalSection(SolutionConfigurationPlatforms) = preSolution
		Debug|Any CPU = Debug|Any CPU
		Release|Any CPU = Release|Any CPU
	EndGlobalSection
	GlobalSection(ProjectConfigurationPlatforms) = postSolution
		{F02CF4F3-7C7B-436B-BD5D-DFE45A67055D}.Debug|Any CPU.ActiveCfg = Debug|Any CPU
		{F02CF4F3-7C7B-436B-BD5D-DFE45A67055D}.Debug|Any CPU.Build.0 = Debug|Any CPU
		{F02CF4F3-7C7B-436B-BD5D-DFE45A67055D}.Release|Any CPU.ActiveCfg = Release|Any CPU
		{F02CF4F3-7C7B-436B-BD5D-DFE45A67055D}.Release|Any CPU.Build.0 = Release|Any CPU
	EndGlobalSection
	GlobalSection(SolutionProperties) = preSolution
		HideSolutionNode = FALSE
	EndGlobalSection
	GlobalSection(ExtensibilityGlobals) = postSolution
		SolutionGuid = {30F1532E-73AB-4E5A-94CE-DD3116CBA0E7}
	EndGlobalSection
EndGlobal
