
Microsoft Visual Studio Solution File, Format Version 12.00
# Visual Studio Version 17
VisualStudioVersion = 17.11.35222.181
MinimumVisualStudioVersion = 10.0.40219.1
Project("{FAE04EC0-301F-11D3-BF4B-00C04F79EFBC}") = "task06.2", "task06.2\task06.2.csproj", "{182B54DC-35F9-4F38-B92D-01BE3A7B4717}"
EndProject
Global
	GlobalSection(SolutionConfigurationPlatforms) = preSolution
		Debug|Any CPU = Debug|Any CPU
		Release|Any CPU = Release|Any CPU
	EndGlobalSection
	GlobalSection(ProjectConfigurationPlatforms) = postSolution
		{182B54DC-35F9-4F38-B92D-01BE3A7B4717}.Debug|Any CPU.ActiveCfg = Debug|Any CPU
		{182B54DC-35F9-4F38-B92D-01BE3A7B4717}.Debug|Any CPU.Build.0 = Debug|Any CPU
		{182B54DC-35F9-4F38-B92D-01BE3A7B4717}.Release|Any CPU.ActiveCfg = Release|Any CPU
		{182B54DC-35F9-4F38-B92D-01BE3A7B4717}.Release|Any CPU.Build.0 = Release|Any CPU
	EndGlobalSection
	GlobalSection(SolutionProperties) = preSolution
		HideSolutionNode = FALSE
	EndGlobalSection
	GlobalSection(ExtensibilityGlobals) = postSolution
		SolutionGuid = {4F4757F0-0F10-4F4E-A333-9E153B1835DF}
	EndGlobalSection
EndGlobal
