
Microsoft Visual Studio Solution File, Format Version 12.00
# Visual Studio Version 17
VisualStudioVersion = 17.11.35222.181
MinimumVisualStudioVersion = 10.0.40219.1
Project("{FAE04EC0-301F-11D3-BF4B-00C04F79EFBC}") = "task10.3", "task10.3\task10.3.csproj", "{3113CFE4-C7B7-4993-AEB9-2BA201E425D2}"
EndProject
Global
	GlobalSection(SolutionConfigurationPlatforms) = preSolution
		Debug|Any CPU = Debug|Any CPU
		Release|Any CPU = Release|Any CPU
	EndGlobalSection
	GlobalSection(ProjectConfigurationPlatforms) = postSolution
		{3113CFE4-C7B7-4993-AEB9-2BA201E425D2}.Debug|Any CPU.ActiveCfg = Debug|Any CPU
		{3113CFE4-C7B7-4993-AEB9-2BA201E425D2}.Debug|Any CPU.Build.0 = Debug|Any CPU
		{3113CFE4-C7B7-4993-AEB9-2BA201E425D2}.Release|Any CPU.ActiveCfg = Release|Any CPU
		{3113CFE4-C7B7-4993-AEB9-2BA201E425D2}.Release|Any CPU.Build.0 = Release|Any CPU
	EndGlobalSection
	GlobalSection(SolutionProperties) = preSolution
		HideSolutionNode = FALSE
	EndGlobalSection
	GlobalSection(ExtensibilityGlobals) = postSolution
		SolutionGuid = {5D2A1275-3D14-47BC-9643-3B8C7623A5DA}
	EndGlobalSection
EndGlobal
