
Microsoft Visual Studio Solution File, Format Version 12.00
# Visual Studio Version 17
VisualStudioVersion = 17.11.35222.181
MinimumVisualStudioVersion = 10.0.40219.1
Project("{FAE04EC0-301F-11D3-BF4B-00C04F79EFBC}") = "Description", "Description.csproj", "{EE5E2AF8-C709-47D0-A2EB-CD91E5873739}"
EndProject
Project("{FAE04EC0-301F-11D3-BF4B-00C04F79EFBC}") = "MedicamentLibrary", "..\MedicamentLibrary\MedicamentLibrary.csproj", "{316C3315-18D6-4A8C-B527-137B48778920}"
EndProject
Project("{FAE04EC0-301F-11D3-BF4B-00C04F79EFBC}") = "MedicamentApp", "..\MedicamentApp\MedicamentApp.csproj", "{D022DA16-7EE1-4B45-A3C2-0890E1DE784C}"
EndProject
Project("{FAE04EC0-301F-11D3-BF4B-00C04F79EFBC}") = "MedicamentLibrary.UnitTests", "..\MedicamentLibrary.UnitTests\MedicamentLibrary.UnitTests.csproj", "{DE82F7A8-FC3B-49D8-9FBA-03ED4DF55E09}"
EndProject
Global
	GlobalSection(SolutionConfigurationPlatforms) = preSolution
		Debug|Any CPU = Debug|Any CPU
		Release|Any CPU = Release|Any CPU
	EndGlobalSection
	GlobalSection(ProjectConfigurationPlatforms) = postSolution
		{EE5E2AF8-C709-47D0-A2EB-CD91E5873739}.Debug|Any CPU.ActiveCfg = Debug|Any CPU
		{EE5E2AF8-C709-47D0-A2EB-CD91E5873739}.Debug|Any CPU.Build.0 = Debug|Any CPU
		{EE5E2AF8-C709-47D0-A2EB-CD91E5873739}.Release|Any CPU.ActiveCfg = Release|Any CPU
		{EE5E2AF8-C709-47D0-A2EB-CD91E5873739}.Release|Any CPU.Build.0 = Release|Any CPU
		{316C3315-18D6-4A8C-B527-137B48778920}.Debug|Any CPU.ActiveCfg = Debug|Any CPU
		{316C3315-18D6-4A8C-B527-137B48778920}.Debug|Any CPU.Build.0 = Debug|Any CPU
		{316C3315-18D6-4A8C-B527-137B48778920}.Release|Any CPU.ActiveCfg = Release|Any CPU
		{316C3315-18D6-4A8C-B527-137B48778920}.Release|Any CPU.Build.0 = Release|Any CPU
		{D022DA16-7EE1-4B45-A3C2-0890E1DE784C}.Debug|Any CPU.ActiveCfg = Debug|Any CPU
		{D022DA16-7EE1-4B45-A3C2-0890E1DE784C}.Debug|Any CPU.Build.0 = Debug|Any CPU
		{D022DA16-7EE1-4B45-A3C2-0890E1DE784C}.Release|Any CPU.ActiveCfg = Release|Any CPU
		{D022DA16-7EE1-4B45-A3C2-0890E1DE784C}.Release|Any CPU.Build.0 = Release|Any CPU
		{DE82F7A8-FC3B-49D8-9FBA-03ED4DF55E09}.Debug|Any CPU.ActiveCfg = Debug|Any CPU
		{DE82F7A8-FC3B-49D8-9FBA-03ED4DF55E09}.Debug|Any CPU.Build.0 = Debug|Any CPU
		{DE82F7A8-FC3B-49D8-9FBA-03ED4DF55E09}.Release|Any CPU.ActiveCfg = Release|Any CPU
		{DE82F7A8-FC3B-49D8-9FBA-03ED4DF55E09}.Release|Any CPU.Build.0 = Release|Any CPU
	EndGlobalSection
	GlobalSection(SolutionProperties) = preSolution
		HideSolutionNode = FALSE
	EndGlobalSection
	GlobalSection(ExtensibilityGlobals) = postSolution
		SolutionGuid = {F740FF5E-A4A7-4F65-9E72-6C7189B3A554}
	EndGlobalSection
EndGlobal
