
Microsoft Visual Studio Solution File, Format Version 12.00
# Visual Studio Version 17
VisualStudioVersion = 17.11.35222.181
MinimumVisualStudioVersion = 10.0.40219.1
Project("{FAE04EC0-301F-11D3-BF4B-00C04F79EFBC}") = "task07-2", "task07-2\task07-2.csproj", "{DC16D105-76B0-4AF2-8912-3A7D3CEAA492}"
EndProject
Global
	GlobalSection(SolutionConfigurationPlatforms) = preSolution
		Debug|Any CPU = Debug|Any CPU
		Release|Any CPU = Release|Any CPU
	EndGlobalSection
	GlobalSection(ProjectConfigurationPlatforms) = postSolution
		{DC16D105-76B0-4AF2-8912-3A7D3CEAA492}.Debug|Any CPU.ActiveCfg = Debug|Any CPU
		{DC16D105-76B0-4AF2-8912-3A7D3CEAA492}.Debug|Any CPU.Build.0 = Debug|Any CPU
		{DC16D105-76B0-4AF2-8912-3A7D3CEAA492}.Release|Any CPU.ActiveCfg = Release|Any CPU
		{DC16D105-76B0-4AF2-8912-3A7D3CEAA492}.Release|Any CPU.Build.0 = Release|Any CPU
	EndGlobalSection
	GlobalSection(SolutionProperties) = preSolution
		HideSolutionNode = FALSE
	EndGlobalSection
	GlobalSection(ExtensibilityGlobals) = postSolution
		SolutionGuid = {17152524-BC63-4AF8-B23E-D491CE37B9E9}
	EndGlobalSection
EndGlobal
