
Microsoft Visual Studio Solution File, Format Version 12.00
# Visual Studio Version 17
VisualStudioVersion = 17.11.35222.181
MinimumVisualStudioVersion = 10.0.40219.1
Project("{FAE04EC0-301F-11D3-BF4B-00C04F79EFBC}") = "task04(07.10)", "task04(07.10)\task04(07.10).csproj", "{68C99E28-9D49-4F6B-ABED-9C8F24D1388A}"
EndProject
Global
	GlobalSection(SolutionConfigurationPlatforms) = preSolution
		Debug|Any CPU = Debug|Any CPU
		Release|Any CPU = Release|Any CPU
	EndGlobalSection
	GlobalSection(ProjectConfigurationPlatforms) = postSolution
		{68C99E28-9D49-4F6B-ABED-9C8F24D1388A}.Debug|Any CPU.ActiveCfg = Debug|Any CPU
		{68C99E28-9D49-4F6B-ABED-9C8F24D1388A}.Debug|Any CPU.Build.0 = Debug|Any CPU
		{68C99E28-9D49-4F6B-ABED-9C8F24D1388A}.Release|Any CPU.ActiveCfg = Release|Any CPU
		{68C99E28-9D49-4F6B-ABED-9C8F24D1388A}.Release|Any CPU.Build.0 = Release|Any CPU
	EndGlobalSection
	GlobalSection(SolutionProperties) = preSolution
		HideSolutionNode = FALSE
	EndGlobalSection
	GlobalSection(ExtensibilityGlobals) = postSolution
		SolutionGuid = {0D08B38B-985B-4BFB-B66E-5BD975CB965E}
	EndGlobalSection
EndGlobal
