
Microsoft Visual Studio Solution File, Format Version 12.00
# Visual Studio Version 17
VisualStudioVersion = 17.11.35222.181
MinimumVisualStudioVersion = 10.0.40219.1
Project("{FAE04EC0-301F-11D3-BF4B-00C04F79EFBC}") = "Medicament", "Medicament\Medicament.csproj", "{2E1B822D-77B1-4D2A-9CAD-E019AD323483}"
EndProject
Project("{FAE04EC0-301F-11D3-BF4B-00C04F79EFBC}") = "Description", "Descriptipn\Description.csproj", "{569B274F-4B12-4B5E-87B8-9673B4CCEEFB}"
EndProject
Project("{FAE04EC0-301F-11D3-BF4B-00C04F79EFBC}") = "MedicamentApp", "MedicamentApp\MedicamentApp.csproj", "{F45597C6-20B0-448F-9EE9-95823F2AAF13}"
EndProject
Global
	GlobalSection(SolutionConfigurationPlatforms) = preSolution
		Debug|Any CPU = Debug|Any CPU
		Release|Any CPU = Release|Any CPU
	EndGlobalSection
	GlobalSection(ProjectConfigurationPlatforms) = postSolution
		{2E1B822D-77B1-4D2A-9CAD-E019AD323483}.Debug|Any CPU.ActiveCfg = Debug|Any CPU
		{2E1B822D-77B1-4D2A-9CAD-E019AD323483}.Debug|Any CPU.Build.0 = Debug|Any CPU
		{2E1B822D-77B1-4D2A-9CAD-E019AD323483}.Release|Any CPU.ActiveCfg = Release|Any CPU
		{2E1B822D-77B1-4D2A-9CAD-E019AD323483}.Release|Any CPU.Build.0 = Release|Any CPU
		{569B274F-4B12-4B5E-87B8-9673B4CCEEFB}.Debug|Any CPU.ActiveCfg = Debug|Any CPU
		{569B274F-4B12-4B5E-87B8-9673B4CCEEFB}.Debug|Any CPU.Build.0 = Debug|Any CPU
		{569B274F-4B12-4B5E-87B8-9673B4CCEEFB}.Release|Any CPU.ActiveCfg = Release|Any CPU
		{569B274F-4B12-4B5E-87B8-9673B4CCEEFB}.Release|Any CPU.Build.0 = Release|Any CPU
		{F45597C6-20B0-448F-9EE9-95823F2AAF13}.Debug|Any CPU.ActiveCfg = Debug|Any CPU
		{F45597C6-20B0-448F-9EE9-95823F2AAF13}.Debug|Any CPU.Build.0 = Debug|Any CPU
		{F45597C6-20B0-448F-9EE9-95823F2AAF13}.Release|Any CPU.ActiveCfg = Release|Any CPU
		{F45597C6-20B0-448F-9EE9-95823F2AAF13}.Release|Any CPU.Build.0 = Release|Any CPU
	EndGlobalSection
	GlobalSection(SolutionProperties) = preSolution
		HideSolutionNode = FALSE
	EndGlobalSection
	GlobalSection(ExtensibilityGlobals) = postSolution
		SolutionGuid = {106D3C38-BBE1-4520-92FB-BCB75E380271}
	EndGlobalSection
EndGlobal
