
Microsoft Visual Studio Solution File, Format Version 12.00
# Visual Studio Version 17
VisualStudioVersion = 17.11.35222.181
MinimumVisualStudioVersion = 10.0.40219.1
Project("{FAE04EC0-301F-11D3-BF4B-00C04F79EFBC}") = "praktika_1", "praktika_1\praktika_1.csproj", "{19DC846E-C31C-40C0-AB33-F06677EA7506}"
EndProject
Global
	GlobalSection(SolutionConfigurationPlatforms) = preSolution
		Debug|Any CPU = Debug|Any CPU
		Release|Any CPU = Release|Any CPU
	EndGlobalSection
	GlobalSection(ProjectConfigurationPlatforms) = postSolution
		{19DC846E-C31C-40C0-AB33-F06677EA7506}.Debug|Any CPU.ActiveCfg = Debug|Any CPU
		{19DC846E-C31C-40C0-AB33-F06677EA7506}.Debug|Any CPU.Build.0 = Debug|Any CPU
		{19DC846E-C31C-40C0-AB33-F06677EA7506}.Release|Any CPU.ActiveCfg = Release|Any CPU
		{19DC846E-C31C-40C0-AB33-F06677EA7506}.Release|Any CPU.Build.0 = Release|Any CPU
	EndGlobalSection
	GlobalSection(SolutionProperties) = preSolution
		HideSolutionNode = FALSE
	EndGlobalSection
	GlobalSection(ExtensibilityGlobals) = postSolution
		SolutionGuid = {6BF63474-E853-4562-A6E3-1FF1E898D9D1}
	EndGlobalSection
EndGlobal
