
Microsoft Visual Studio Solution File, Format Version 12.00
# Visual Studio Version 17
VisualStudioVersion = 17.11.35222.181
MinimumVisualStudioVersion = 10.0.40219.1
Project("{FAE04EC0-301F-11D3-BF4B-00C04F79EFBC}") = "task10.1", "task10.1\task10.1.csproj", "{965E5E5E-AB03-43D3-8374-9E9CB939DDB6}"
EndProject
Global
	GlobalSection(SolutionConfigurationPlatforms) = preSolution
		Debug|Any CPU = Debug|Any CPU
		Release|Any CPU = Release|Any CPU
	EndGlobalSection
	GlobalSection(ProjectConfigurationPlatforms) = postSolution
		{965E5E5E-AB03-43D3-8374-9E9CB939DDB6}.Debug|Any CPU.ActiveCfg = Debug|Any CPU
		{965E5E5E-AB03-43D3-8374-9E9CB939DDB6}.Debug|Any CPU.Build.0 = Debug|Any CPU
		{965E5E5E-AB03-43D3-8374-9E9CB939DDB6}.Release|Any CPU.ActiveCfg = Release|Any CPU
		{965E5E5E-AB03-43D3-8374-9E9CB939DDB6}.Release|Any CPU.Build.0 = Release|Any CPU
	EndGlobalSection
	GlobalSection(SolutionProperties) = preSolution
		HideSolutionNode = FALSE
	EndGlobalSection
	GlobalSection(ExtensibilityGlobals) = postSolution
		SolutionGuid = {51278FBA-9018-4929-BC57-F70DBE77FF8B}
	EndGlobalSection
EndGlobal
