
Microsoft Visual Studio Solution File, Format Version 12.00
# Visual Studio Version 17
VisualStudioVersion = 17.11.35222.181
MinimumVisualStudioVersion = 10.0.40219.1
Project("{FAE04EC0-301F-11D3-BF4B-00C04F79EFBC}") = "task05", "task05\task05.csproj", "{839112E3-9031-4D30-8AFB-9EE258248DB0}"
EndProject
Global
	GlobalSection(SolutionConfigurationPlatforms) = preSolution
		Debug|Any CPU = Debug|Any CPU
		Release|Any CPU = Release|Any CPU
	EndGlobalSection
	GlobalSection(ProjectConfigurationPlatforms) = postSolution
		{839112E3-9031-4D30-8AFB-9EE258248DB0}.Debug|Any CPU.ActiveCfg = Debug|Any CPU
		{839112E3-9031-4D30-8AFB-9EE258248DB0}.Debug|Any CPU.Build.0 = Debug|Any CPU
		{839112E3-9031-4D30-8AFB-9EE258248DB0}.Release|Any CPU.ActiveCfg = Release|Any CPU
		{839112E3-9031-4D30-8AFB-9EE258248DB0}.Release|Any CPU.Build.0 = Release|Any CPU
	EndGlobalSection
	GlobalSection(SolutionProperties) = preSolution
		HideSolutionNode = FALSE
	EndGlobalSection
	GlobalSection(ExtensibilityGlobals) = postSolution
		SolutionGuid = {F1027367-6E70-44F6-BC5A-0264F4C27A2D}
	EndGlobalSection
EndGlobal
